
Microsoft Visual Studio Solution File, Format Version 12.00
# Visual Studio Version 17
VisualStudioVersion = 17.2.32526.322
MinimumVisualStudioVersion = 10.0.40219.1
Project("{9A19103F-16F7-4668-BE54-9A1E7A4F7556}") = "DreamTeamTecContactFormMail", "DreamTeamTecContactFormMail\DreamTeamTecContactFormMail.csproj", "{874108E3-5B25-4653-94F7-80B8C9B63354}"
EndProject
Project("{9A19103F-16F7-4668-BE54-9A1E7A4F7556}") = "Service", "Service\Service.csproj", "{5F4B6510-0E97-47CA-B535-AC5A2FCDBFFF}"
EndProject
Project("{9A19103F-16F7-4668-BE54-9A1E7A4F7556}") = "Domain", "Domain\Domain.csproj", "{B3DDFDCF-70FE-4639-A9C9-B36F77EAD70F}"
EndProject
Project("{FAE04EC0-301F-11D3-BF4B-00C04F79EFBC}") = "Repository", "Repository\Repository.csproj", "{5B0FAF1A-60F0-4E62-8C56-17A9B6876D98}"
EndProject
Global
	GlobalSection(SolutionConfigurationPlatforms) = preSolution
		Debug|Any CPU = Debug|Any CPU
		Release|Any CPU = Release|Any CPU
	EndGlobalSection
	GlobalSection(ProjectConfigurationPlatforms) = postSolution
		{874108E3-5B25-4653-94F7-80B8C9B63354}.Debug|Any CPU.ActiveCfg = Debug|Any CPU
		{874108E3-5B25-4653-94F7-80B8C9B63354}.Debug|Any CPU.Build.0 = Debug|Any CPU
		{874108E3-5B25-4653-94F7-80B8C9B63354}.Release|Any CPU.ActiveCfg = Release|Any CPU
		{874108E3-5B25-4653-94F7-80B8C9B63354}.Release|Any CPU.Build.0 = Release|Any CPU
		{5F4B6510-0E97-47CA-B535-AC5A2FCDBFFF}.Debug|Any CPU.ActiveCfg = Debug|Any CPU
		{5F4B6510-0E97-47CA-B535-AC5A2FCDBFFF}.Debug|Any CPU.Build.0 = Debug|Any CPU
		{5F4B6510-0E97-47CA-B535-AC5A2FCDBFFF}.Release|Any CPU.ActiveCfg = Release|Any CPU
		{5F4B6510-0E97-47CA-B535-AC5A2FCDBFFF}.Release|Any CPU.Build.0 = Release|Any CPU
		{B3DDFDCF-70FE-4639-A9C9-B36F77EAD70F}.Debug|Any CPU.ActiveCfg = Debug|Any CPU
		{B3DDFDCF-70FE-4639-A9C9-B36F77EAD70F}.Debug|Any CPU.Build.0 = Debug|Any CPU
		{B3DDFDCF-70FE-4639-A9C9-B36F77EAD70F}.Release|Any CPU.ActiveCfg = Release|Any CPU
		{B3DDFDCF-70FE-4639-A9C9-B36F77EAD70F}.Release|Any CPU.Build.0 = Release|Any CPU
		{5B0FAF1A-60F0-4E62-8C56-17A9B6876D98}.Debug|Any CPU.ActiveCfg = Debug|Any CPU
		{5B0FAF1A-60F0-4E62-8C56-17A9B6876D98}.Debug|Any CPU.Build.0 = Debug|Any CPU
		{5B0FAF1A-60F0-4E62-8C56-17A9B6876D98}.Release|Any CPU.ActiveCfg = Release|Any CPU
		{5B0FAF1A-60F0-4E62-8C56-17A9B6876D98}.Release|Any CPU.Build.0 = Release|Any CPU
	EndGlobalSection
	GlobalSection(SolutionProperties) = preSolution
		HideSolutionNode = FALSE
	EndGlobalSection
	GlobalSection(ExtensibilityGlobals) = postSolution
		SolutionGuid = {A72F0481-BC1E-4AFB-8AB8-D21C95873E51}
	EndGlobalSection
EndGlobal
